
Microsoft Visual Studio Solution File, Format Version 12.00
# Visual Studio Version 17
VisualStudioVersion = 17.4.33213.308
MinimumVisualStudioVersion = 10.0.40219.1
Project("{9A19103F-16F7-4668-BE54-9A1E7A4F7556}") = "Zork.Common", "Zork.Common\Zork.Common.csproj", "{93FFAB5F-B7A0-4CFF-A405-7FFF0E896CC6}"
EndProject
Project("{9A19103F-16F7-4668-BE54-9A1E7A4F7556}") = "Zork.ConsoleApp", "Zork.ConsoleApp\Zork.ConsoleApp.csproj", "{5DE84126-C63C-4434-849D-55EE715DAE41}"
EndProject
Project("{9A19103F-16F7-4668-BE54-9A1E7A4F7556}") = "Zork.Tests", "Zork.Tests\Zork.Tests.csproj", "{D63D083D-A565-405E-8BF3-3BCE5F308C4C}"
EndProject
Project("{9A19103F-16F7-4668-BE54-9A1E7A4F7556}") = "Zork.ConsoleForVisuallyImpaired", "Zork.ConsoleForVisuallyImpaired\Zork.ConsoleForVisuallyImpaired.csproj", "{7F2203D8-4C56-4E5C-B7BA-B40F843C58A2}"
	ProjectSection(ProjectDependencies) = postProject
		{93FFAB5F-B7A0-4CFF-A405-7FFF0E896CC6} = {93FFAB5F-B7A0-4CFF-A405-7FFF0E896CC6}
	EndProjectSection
EndProject
Global
	GlobalSection(SolutionConfigurationPlatforms) = preSolution
		Debug|Any CPU = Debug|Any CPU
		Release|Any CPU = Release|Any CPU
	EndGlobalSection
	GlobalSection(ProjectConfigurationPlatforms) = postSolution
		{93FFAB5F-B7A0-4CFF-A405-7FFF0E896CC6}.Debug|Any CPU.ActiveCfg = Debug|Any CPU
		{93FFAB5F-B7A0-4CFF-A405-7FFF0E896CC6}.Debug|Any CPU.Build.0 = Debug|Any CPU
		{93FFAB5F-B7A0-4CFF-A405-7FFF0E896CC6}.Release|Any CPU.ActiveCfg = Release|Any CPU
		{93FFAB5F-B7A0-4CFF-A405-7FFF0E896CC6}.Release|Any CPU.Build.0 = Release|Any CPU
		{5DE84126-C63C-4434-849D-55EE715DAE41}.Debug|Any CPU.ActiveCfg = Debug|Any CPU
		{5DE84126-C63C-4434-849D-55EE715DAE41}.Debug|Any CPU.Build.0 = Debug|Any CPU
		{5DE84126-C63C-4434-849D-55EE715DAE41}.Release|Any CPU.ActiveCfg = Release|Any CPU
		{5DE84126-C63C-4434-849D-55EE715DAE41}.Release|Any CPU.Build.0 = Release|Any CPU
		{D63D083D-A565-405E-8BF3-3BCE5F308C4C}.Debug|Any CPU.ActiveCfg = Debug|Any CPU
		{D63D083D-A565-405E-8BF3-3BCE5F308C4C}.Debug|Any CPU.Build.0 = Debug|Any CPU
		{D63D083D-A565-405E-8BF3-3BCE5F308C4C}.Release|Any CPU.ActiveCfg = Release|Any CPU
		{D63D083D-A565-405E-8BF3-3BCE5F308C4C}.Release|Any CPU.Build.0 = Release|Any CPU
		{7F2203D8-4C56-4E5C-B7BA-B40F843C58A2}.Debug|Any CPU.ActiveCfg = Debug|Any CPU
		{7F2203D8-4C56-4E5C-B7BA-B40F843C58A2}.Debug|Any CPU.Build.0 = Debug|Any CPU
		{7F2203D8-4C56-4E5C-B7BA-B40F843C58A2}.Release|Any CPU.ActiveCfg = Release|Any CPU
		{7F2203D8-4C56-4E5C-B7BA-B40F843C58A2}.Release|Any CPU.Build.0 = Release|Any CPU
	EndGlobalSection
	GlobalSection(SolutionProperties) = preSolution
		HideSolutionNode = FALSE
	EndGlobalSection
	GlobalSection(ExtensibilityGlobals) = postSolution
		SolutionGuid = {1A1445D7-27CA-41F1-8C08-531351AE8DE1}
	EndGlobalSection
EndGlobal
